// !$*UTF8*$!
{
	archiveVersion = 1;
	classes = {
	};
	objectVersion = 46;
	objects = {

/* Begin PBXBuildFile section */
		19C678D5143A0D7100092485 /* UIKit.framework in Frameworks */ = {isa = PBXBuildFile; fileRef = 19C678D4143A0D7100092485 /* UIKit.framework */; };
		19C678D7143A0D7100092485 /* Foundation.framework in Frameworks */ = {isa = PBXBuildFile; fileRef = 19C678D6143A0D7100092485 /* Foundation.framework */; };
		19C678D9143A0D7100092485 /* CoreGraphics.framework in Frameworks */ = {isa = PBXBuildFile; fileRef = 19C678D8143A0D7100092485 /* CoreGraphics.framework */; };
		19C678DF143A0D7100092485 /* InfoPlist.strings in Resources */ = {isa = PBXBuildFile; fileRef = 19C678DD143A0D7100092485 /* InfoPlist.strings */; };
		19C678E2143A0D7100092485 /* main.m in Sources */ = {isa = PBXBuildFile; fileRef = 19C678E1143A0D7100092485 /* main.m */; };
		19C678E5143A0D7100092485 /* HouseBand_devAppDelegate.m in Sources */ = {isa = PBXBuildFile; fileRef = 19C678E4143A0D7100092485 /* HouseBand_devAppDelegate.m */; };
		19C678E8143A0D7100092485 /* MainWindow.xib in Resources */ = {isa = PBXBuildFile; fileRef = 19C678E6143A0D7100092485 /* MainWindow.xib */; };
		19C678EB143A0D7100092485 /* HouseBand_devViewController.m in Sources */ = {isa = PBXBuildFile; fileRef = 19C678EA143A0D7100092485 /* HouseBand_devViewController.m */; };
		19C678EE143A0D7100092485 /* HouseBand_devViewController.xib in Resources */ = {isa = PBXBuildFile; fileRef = 19C678EC143A0D7100092485 /* HouseBand_devViewController.xib */; };
		19C678F5143A0D7100092485 /* UIKit.framework in Frameworks */ = {isa = PBXBuildFile; fileRef = 19C678D4143A0D7100092485 /* UIKit.framework */; };
		19C678F6143A0D7100092485 /* Foundation.framework in Frameworks */ = {isa = PBXBuildFile; fileRef = 19C678D6143A0D7100092485 /* Foundation.framework */; };
		19C678F7143A0D7100092485 /* CoreGraphics.framework in Frameworks */ = {isa = PBXBuildFile; fileRef = 19C678D8143A0D7100092485 /* CoreGraphics.framework */; };
		19C678FF143A0D7100092485 /* InfoPlist.strings in Resources */ = {isa = PBXBuildFile; fileRef = 19C678FD143A0D7100092485 /* InfoPlist.strings */; };
		19C67902143A0D7100092485 /* HouseBand_devTests.h in Resources */ = {isa = PBXBuildFile; fileRef = 19C67901143A0D7100092485 /* HouseBand_devTests.h */; };
		19C67904143A0D7100092485 /* HouseBand_devTests.m in Sources */ = {isa = PBXBuildFile; fileRef = 19C67903143A0D7100092485 /* HouseBand_devTests.m */; };
		19C67925143A170700092485 /* AVFoundation.framework in Frameworks */ = {isa = PBXBuildFile; fileRef = 19C67924143A170700092485 /* AVFoundation.framework */; };
		19C67927143A170E00092485 /* AudioToolbox.framework in Frameworks */ = {isa = PBXBuildFile; fileRef = 19C67926143A170E00092485 /* AudioToolbox.framework */; };
		19C6792B143A209700092485 /* QuartzCore.framework in Frameworks */ = {isa = PBXBuildFile; fileRef = 19C6792A143A209700092485 /* QuartzCore.framework */; };
		19C67932143A31C400092485 /* HouseBandTrack.m in Sources */ = {isa = PBXBuildFile; fileRef = 19C67931143A31C400092485 /* HouseBandTrack.m */; };
		7723539214684FC5006B4ADA /* HB_Menu_Line_FPO.png in Resources */ = {isa = PBXBuildFile; fileRef = 7723539114684FC5006B4ADA /* HB_Menu_Line_FPO.png */; };
		774433A81468307E00181A48 /* HouseCharacter.m in Sources */ = {isa = PBXBuildFile; fileRef = 774433A61468307E00181A48 /* HouseCharacter.m */; };
		774433A91468307E00181A48 /* HouseCharacter.xib in Resources */ = {isa = PBXBuildFile; fileRef = 774433A71468307E00181A48 /* HouseCharacter.xib */; };
		774433D4146841CC00181A48 /* HB_Q1_Boy_FPO.png in Resources */ = {isa = PBXBuildFile; fileRef = 774433AC146841CC00181A48 /* HB_Q1_Boy_FPO.png */; };
		774433D5146841CC00181A48 /* HB_Q1_Boy_Thumb_FPO.png in Resources */ = {isa = PBXBuildFile; fileRef = 774433AD146841CC00181A48 /* HB_Q1_Boy_Thumb_FPO.png */; };
		774433D6146841CC00181A48 /* HB_Q1_Dad_FPO.png in Resources */ = {isa = PBXBuildFile; fileRef = 774433AE146841CC00181A48 /* HB_Q1_Dad_FPO.png */; };
		774433D7146841CC00181A48 /* HB_Q1_Dad_Thumb_FPO.png in Resources */ = {isa = PBXBuildFile; fileRef = 774433AF146841CC00181A48 /* HB_Q1_Dad_Thumb_FPO.png */; };
		774433D8146841CC00181A48 /* HB_Q1_Girl_FPO.png in Resources */ = {isa = PBXBuildFile; fileRef = 774433B0146841CC00181A48 /* HB_Q1_Girl_FPO.png */; };
		774433D9146841CC00181A48 /* HB_Q1_Girl_Thumb_FPO.png in Resources */ = {isa = PBXBuildFile; fileRef = 774433B1146841CC00181A48 /* HB_Q1_Girl_Thumb_FPO.png */; };
		774433DA146841CC00181A48 /* HB_Q1_Mom_FPO.png in Resources */ = {isa = PBXBuildFile; fileRef = 774433B2146841CC00181A48 /* HB_Q1_Mom_FPO.png */; };
		774433DB146841CC00181A48 /* HB_Q1_Mom_Thumb_FPO.png in Resources */ = {isa = PBXBuildFile; fileRef = 774433B3146841CC00181A48 /* HB_Q1_Mom_Thumb_FPO.png */; };
		774433DC146841CC00181A48 /* HB_Q2_Dishwasher_FPO.png in Resources */ = {isa = PBXBuildFile; fileRef = 774433B4146841CC00181A48 /* HB_Q2_Dishwasher_FPO.png */; };
		774433DD146841CC00181A48 /* HB_Q2_Dishwasher_Thumb_FPO.png in Resources */ = {isa = PBXBuildFile; fileRef = 774433B5146841CC00181A48 /* HB_Q2_Dishwasher_Thumb_FPO.png */; };
		774433DE146841CC00181A48 /* HB_Q2_Dryer_FPO.png in Resources */ = {isa = PBXBuildFile; fileRef = 774433B6146841CC00181A48 /* HB_Q2_Dryer_FPO.png */; };
		774433DF146841CC00181A48 /* HB_Q2_Dryer_Thumb_FPO.png in Resources */ = {isa = PBXBuildFile; fileRef = 774433B7146841CC00181A48 /* HB_Q2_Dryer_Thumb_FPO.png */; };
		774433E0146841CC00181A48 /* HB_Q2_Vaccum_FPO.png in Resources */ = {isa = PBXBuildFile; fileRef = 774433B8146841CC00181A48 /* HB_Q2_Vaccum_FPO.png */; };
		774433E1146841CC00181A48 /* HB_Q2_Vaccum_Thumb_FPO.png in Resources */ = {isa = PBXBuildFile; fileRef = 774433B9146841CC00181A48 /* HB_Q2_Vaccum_Thumb_FPO.png */; };
		774433E2146841CC00181A48 /* HB_Q2_Washer_FPO.png in Resources */ = {isa = PBXBuildFile; fileRef = 774433BA146841CC00181A48 /* HB_Q2_Washer_FPO.png */; };
		774433E3146841CC00181A48 /* HB_Q2_Washer_Thumb_FPO.png in Resources */ = {isa = PBXBuildFile; fileRef = 774433BB146841CC00181A48 /* HB_Q2_Washer_Thumb_FPO.png */; };
		774433E4146841CC00181A48 /* HB_Q3_Computer_FPO.png in Resources */ = {isa = PBXBuildFile; fileRef = 774433BC146841CC00181A48 /* HB_Q3_Computer_FPO.png */; };
		774433E5146841CC00181A48 /* HB_Q3_Computer_Thumb_FPO.png in Resources */ = {isa = PBXBuildFile; fileRef = 774433BD146841CC00181A48 /* HB_Q3_Computer_Thumb_FPO.png */; };
		774433E6146841CC00181A48 /* HB_Q3_Kettle_FPO.png in Resources */ = {isa = PBXBuildFile; fileRef = 774433BE146841CC00181A48 /* HB_Q3_Kettle_FPO.png */; };
		774433E7146841CC00181A48 /* HB_Q3_Kettle_Thumb_FPO.png in Resources */ = {isa = PBXBuildFile; fileRef = 774433BF146841CC00181A48 /* HB_Q3_Kettle_Thumb_FPO.png */; };
		774433E8146841CC00181A48 /* HB_Q3_Toaster_FPO.png in Resources */ = {isa = PBXBuildFile; fileRef = 774433C0146841CC00181A48 /* HB_Q3_Toaster_FPO.png */; };
		774433E9146841CC00181A48 /* HB_Q3_Toaster_Thumb_FPO.png in Resources */ = {isa = PBXBuildFile; fileRef = 774433C1146841CC00181A48 /* HB_Q3_Toaster_Thumb_FPO.png */; };
		774433EA146841CC00181A48 /* HB_Q3_TV_FPO.png in Resources */ = {isa = PBXBuildFile; fileRef = 774433C2146841CC00181A48 /* HB_Q3_TV_FPO.png */; };
		774433EB146841CC00181A48 /* HB_Q3_TV_Thumb_FPO.png in Resources */ = {isa = PBXBuildFile; fileRef = 774433C3146841CC00181A48 /* HB_Q3_TV_Thumb_FPO.png */; };
		774433EC146841CC00181A48 /* HB_Q4_BlowDryer_FPO.png in Resources */ = {isa = PBXBuildFile; fileRef = 774433C4146841CC00181A48 /* HB_Q4_BlowDryer_FPO.png */; };
		774433ED146841CC00181A48 /* HB_Q4_BlowDryer_Thumb_FPO.png in Resources */ = {isa = PBXBuildFile; fileRef = 774433C5146841CC00181A48 /* HB_Q4_BlowDryer_Thumb_FPO.png */; };
		774433EE146841CC00181A48 /* HB_Q4_Iron_FPO.png in Resources */ = {isa = PBXBuildFile; fileRef = 774433C6146841CC00181A48 /* HB_Q4_Iron_FPO.png */; };
		774433EF146841CC00181A48 /* HB_Q4_Iron_Thumb_FPO.png in Resources */ = {isa = PBXBuildFile; fileRef = 774433C7146841CC00181A48 /* HB_Q4_Iron_Thumb_FPO.png */; };
		774433F0146841CC00181A48 /* HB_Q4_Ketchup_FPO.png in Resources */ = {isa = PBXBuildFile; fileRef = 774433C8146841CC00181A48 /* HB_Q4_Ketchup_FPO.png */; };
		774433F1146841CC00181A48 /* HB_Q4_Ketchup_Thumb_FPO.png in Resources */ = {isa = PBXBuildFile; fileRef = 774433C9146841CC00181A48 /* HB_Q4_Ketchup_Thumb_FPO.png */; };
		774433F2146841CC00181A48 /* HB_Q4_SodaCan_FPO.png in Resources */ = {isa = PBXBuildFile; fileRef = 774433CA146841CC00181A48 /* HB_Q4_SodaCan_FPO.png */; };
		774433F3146841CC00181A48 /* HB_Q4_SodaCan_Thumb_FPO.png in Resources */ = {isa = PBXBuildFile; fileRef = 774433CB146841CC00181A48 /* HB_Q4_SodaCan_Thumb_FPO.png */; };
		774433F4146841CC00181A48 /* HB_Q5_Fridge_FPO.png in Resources */ = {isa = PBXBuildFile; fileRef = 774433CC146841CC00181A48 /* HB_Q5_Fridge_FPO.png */; };
		774433F5146841CC00181A48 /* HB_Q5_Fridge_Thumb_FPO.png in Resources */ = {isa = PBXBuildFile; fileRef = 774433CD146841CC00181A48 /* HB_Q5_Fridge_Thumb_FPO.png */; };
		774433F6146841CC00181A48 /* HB_Q5_Garbage_FPO.png in Resources */ = {isa = PBXBuildFile; fileRef = 774433CE146841CC00181A48 /* HB_Q5_Garbage_FPO.png */; };
		774433F7146841CC00181A48 /* HB_Q5_Garbage_Thumb_FPO.png in Resources */ = {isa = PBXBuildFile; fileRef = 774433CF146841CC00181A48 /* HB_Q5_Garbage_Thumb_FPO.png */; };
		774433F8146841CC00181A48 /* HB_Q5_Oven_FPO.png in Resources */ = {isa = PBXBuildFile; fileRef = 774433D0146841CC00181A48 /* HB_Q5_Oven_FPO.png */; };
		774433F9146841CC00181A48 /* HB_Q5_Oven_Thumb_FPO.png in Resources */ = {isa = PBXBuildFile; fileRef = 774433D1146841CC00181A48 /* HB_Q5_Oven_Thumb_FPO.png */; };
		774433FA146841CC00181A48 /* HB_Q5_Toilet_FPO.png in Resources */ = {isa = PBXBuildFile; fileRef = 774433D2146841CC00181A48 /* HB_Q5_Toilet_FPO.png */; };
		774433FB146841CC00181A48 /* HB_Q5_Toilet_Thumb_FPO.png in Resources */ = {isa = PBXBuildFile; fileRef = 774433D3146841CC00181A48 /* HB_Q5_Toilet_Thumb_FPO.png */; };
		77647F6A146461D00081D1DD /* bass1.wav in Resources */ = {isa = PBXBuildFile; fileRef = 77647F5E146461D00081D1DD /* bass1.wav */; };
		77647F6B146461D00081D1DD /* bass2.wav in Resources */ = {isa = PBXBuildFile; fileRef = 77647F5F146461D00081D1DD /* bass2.wav */; };
		77647F6C146461D00081D1DD /* bass3.wav in Resources */ = {isa = PBXBuildFile; fileRef = 77647F60146461D00081D1DD /* bass3.wav */; };
		77647F6D146461D00081D1DD /* drums1.wav in Resources */ = {isa = PBXBuildFile; fileRef = 77647F61146461D00081D1DD /* drums1.wav */; };
		77647F6E146461D00081D1DD /* drums2.wav in Resources */ = {isa = PBXBuildFile; fileRef = 77647F62146461D00081D1DD /* drums2.wav */; };
		77647F6F146461D00081D1DD /* drums3.wav in Resources */ = {isa = PBXBuildFile; fileRef = 77647F63146461D00081D1DD /* drums3.wav */; };
		77647F70146461D00081D1DD /* perc1.wav in Resources */ = {isa = PBXBuildFile; fileRef = 77647F64146461D00081D1DD /* perc1.wav */; };
		77647F71146461D00081D1DD /* perc2.wav in Resources */ = {isa = PBXBuildFile; fileRef = 77647F65146461D00081D1DD /* perc2.wav */; };
		77647F72146461D00081D1DD /* perc3.wav in Resources */ = {isa = PBXBuildFile; fileRef = 77647F66146461D00081D1DD /* perc3.wav */; };
		77647F73146461D00081D1DD /* synth1.wav in Resources */ = {isa = PBXBuildFile; fileRef = 77647F67146461D00081D1DD /* synth1.wav */; };
		77647F74146461D00081D1DD /* synth2.wav in Resources */ = {isa = PBXBuildFile; fileRef = 77647F68146461D00081D1DD /* synth2.wav */; };
		77647F75146461D00081D1DD /* synth3.wav in Resources */ = {isa = PBXBuildFile; fileRef = 77647F69146461D00081D1DD /* synth3.wav */; };
		77A8FFDC14689FB4008481B3 /* HB_Background_FPO.jpg in Resources */ = {isa = PBXBuildFile; fileRef = 77A8FFDB14689FB4008481B3 /* HB_Background_FPO.jpg */; };
		77A8FFE01469C343008481B3 /* vocals1.wav in Resources */ = {isa = PBXBuildFile; fileRef = 77A8FFDD1469C343008481B3 /* vocals1.wav */; };
		77A8FFE11469C343008481B3 /* vocals2.wav in Resources */ = {isa = PBXBuildFile; fileRef = 77A8FFDE1469C343008481B3 /* vocals2.wav */; };
		77A8FFE21469C343008481B3 /* vocals3.wav in Resources */ = {isa = PBXBuildFile; fileRef = 77A8FFDF1469C343008481B3 /* vocals3.wav */; };
/* End PBXBuildFile section */

/* Begin PBXContainerItemProxy section */
		19C678F8143A0D7100092485 /* PBXContainerItemProxy */ = {
			isa = PBXContainerItemProxy;
			containerPortal = 19C678C7143A0D7100092485 /* Project object */;
			proxyType = 1;
			remoteGlobalIDString = 19C678CF143A0D7100092485;
			remoteInfo = HouseBand_dev;
		};
/* End PBXContainerItemProxy section */

/* Begin PBXFileReference section */
		19C678D0143A0D7100092485 /* HouseBand_dev.app */ = {isa = PBXFileReference; explicitFileType = wrapper.application; includeInIndex = 0; path = HouseBand_dev.app; sourceTree = BUILT_PRODUCTS_DIR; };
		19C678D4143A0D7100092485 /* UIKit.framework */ = {isa = PBXFileReference; lastKnownFileType = wrapper.framework; name = UIKit.framework; path = System/Library/Frameworks/UIKit.framework; sourceTree = SDKROOT; };
		19C678D6143A0D7100092485 /* Foundation.framework */ = {isa = PBXFileReference; lastKnownFileType = wrapper.framework; name = Foundation.framework; path = System/Library/Frameworks/Foundation.framework; sourceTree = SDKROOT; };
		19C678D8143A0D7100092485 /* CoreGraphics.framework */ = {isa = PBXFileReference; lastKnownFileType = wrapper.framework; name = CoreGraphics.framework; path = System/Library/Frameworks/CoreGraphics.framework; sourceTree = SDKROOT; };
		19C678DC143A0D7100092485 /* HouseBand_dev-Info.plist */ = {isa = PBXFileReference; lastKnownFileType = text.plist.xml; path = "HouseBand_dev-Info.plist"; sourceTree = "<group>"; };
		19C678DE143A0D7100092485 /* en */ = {isa = PBXFileReference; lastKnownFileType = text.plist.strings; name = en; path = en.lproj/InfoPlist.strings; sourceTree = "<group>"; };
		19C678E0143A0D7100092485 /* HouseBand_dev-Prefix.pch */ = {isa = PBXFileReference; lastKnownFileType = sourcecode.c.h; path = "HouseBand_dev-Prefix.pch"; sourceTree = "<group>"; };
		19C678E1143A0D7100092485 /* main.m */ = {isa = PBXFileReference; lastKnownFileType = sourcecode.c.objc; path = main.m; sourceTree = "<group>"; };
		19C678E3143A0D7100092485 /* HouseBand_devAppDelegate.h */ = {isa = PBXFileReference; lastKnownFileType = sourcecode.c.h; path = HouseBand_devAppDelegate.h; sourceTree = "<group>"; };
		19C678E4143A0D7100092485 /* HouseBand_devAppDelegate.m */ = {isa = PBXFileReference; lastKnownFileType = sourcecode.c.objc; path = HouseBand_devAppDelegate.m; sourceTree = "<group>"; };
		19C678E7143A0D7100092485 /* en */ = {isa = PBXFileReference; lastKnownFileType = file.xib; name = en; path = en.lproj/MainWindow.xib; sourceTree = "<group>"; };
		19C678E9143A0D7100092485 /* HouseBand_devViewController.h */ = {isa = PBXFileReference; lastKnownFileType = sourcecode.c.h; path = HouseBand_devViewController.h; sourceTree = "<group>"; };
		19C678EA143A0D7100092485 /* HouseBand_devViewController.m */ = {isa = PBXFileReference; lastKnownFileType = sourcecode.c.objc; path = HouseBand_devViewController.m; sourceTree = "<group>"; };
		19C678ED143A0D7100092485 /* en */ = {isa = PBXFileReference; lastKnownFileType = file.xib; name = en; path = en.lproj/HouseBand_devViewController.xib; sourceTree = "<group>"; };
		19C678F4143A0D7100092485 /* HouseBand_devTests.octest */ = {isa = PBXFileReference; explicitFileType = wrapper.cfbundle; includeInIndex = 0; path = HouseBand_devTests.octest; sourceTree = BUILT_PRODUCTS_DIR; };
		19C678FC143A0D7100092485 /* HouseBand_devTests-Info.plist */ = {isa = PBXFileReference; lastKnownFileType = text.plist.xml; path = "HouseBand_devTests-Info.plist"; sourceTree = "<group>"; };
		19C678FE143A0D7100092485 /* en */ = {isa = PBXFileReference; lastKnownFileType = text.plist.strings; name = en; path = en.lproj/InfoPlist.strings; sourceTree = "<group>"; };
		19C67900143A0D7100092485 /* HouseBand_devTests-Prefix.pch */ = {isa = PBXFileReference; lastKnownFileType = sourcecode.c.h; path = "HouseBand_devTests-Prefix.pch"; sourceTree = "<group>"; };
		19C67901143A0D7100092485 /* HouseBand_devTests.h */ = {isa = PBXFileReference; lastKnownFileType = sourcecode.c.h; path = HouseBand_devTests.h; sourceTree = "<group>"; };
		19C67903143A0D7100092485 /* HouseBand_devTests.m */ = {isa = PBXFileReference; lastKnownFileType = sourcecode.c.objc; path = HouseBand_devTests.m; sourceTree = "<group>"; };
		19C67924143A170700092485 /* AVFoundation.framework */ = {isa = PBXFileReference; lastKnownFileType = wrapper.framework; name = AVFoundation.framework; path = System/Library/Frameworks/AVFoundation.framework; sourceTree = SDKROOT; };
		19C67926143A170E00092485 /* AudioToolbox.framework */ = {isa = PBXFileReference; lastKnownFileType = wrapper.framework; name = AudioToolbox.framework; path = System/Library/Frameworks/AudioToolbox.framework; sourceTree = SDKROOT; };
		19C6792A143A209700092485 /* QuartzCore.framework */ = {isa = PBXFileReference; lastKnownFileType = wrapper.framework; name = QuartzCore.framework; path = System/Library/Frameworks/QuartzCore.framework; sourceTree = SDKROOT; };
		19C67930143A31C400092485 /* HouseBandTrack.h */ = {isa = PBXFileReference; fileEncoding = 4; lastKnownFileType = sourcecode.c.h; path = HouseBandTrack.h; sourceTree = "<group>"; };
		19C67931143A31C400092485 /* HouseBandTrack.m */ = {isa = PBXFileReference; fileEncoding = 4; lastKnownFileType = sourcecode.c.objc; path = HouseBandTrack.m; sourceTree = "<group>"; };
		7723539114684FC5006B4ADA /* HB_Menu_Line_FPO.png */ = {isa = PBXFileReference; lastKnownFileType = image.png; name = HB_Menu_Line_FPO.png; path = HouseBand_FPO/HB_Menu_Line_FPO.png; sourceTree = SOURCE_ROOT; };
		774433A51468307E00181A48 /* HouseCharacter.h */ = {isa = PBXFileReference; fileEncoding = 4; lastKnownFileType = sourcecode.c.h; path = HouseCharacter.h; sourceTree = "<group>"; };
		774433A61468307E00181A48 /* HouseCharacter.m */ = {isa = PBXFileReference; fileEncoding = 4; lastKnownFileType = sourcecode.c.objc; path = HouseCharacter.m; sourceTree = "<group>"; };
		774433A71468307E00181A48 /* HouseCharacter.xib */ = {isa = PBXFileReference; fileEncoding = 4; lastKnownFileType = file.xib; path = HouseCharacter.xib; sourceTree = "<group>"; };
		774433AC146841CC00181A48 /* HB_Q1_Boy_FPO.png */ = {isa = PBXFileReference; lastKnownFileType = image.png; name = HB_Q1_Boy_FPO.png; path = HouseBand_FPO/HB_Q1_Boy_FPO.png; sourceTree = SOURCE_ROOT; };
		774433AD146841CC00181A48 /* HB_Q1_Boy_Thumb_FPO.png */ = {isa = PBXFileReference; lastKnownFileType = image.png; name = HB_Q1_Boy_Thumb_FPO.png; path = HouseBand_FPO/HB_Q1_Boy_Thumb_FPO.png; sourceTree = SOURCE_ROOT; };
		774433AE146841CC00181A48 /* HB_Q1_Dad_FPO.png */ = {isa = PBXFileReference; lastKnownFileType = image.png; name = HB_Q1_Dad_FPO.png; path = HouseBand_FPO/HB_Q1_Dad_FPO.png; sourceTree = SOURCE_ROOT; };
		774433AF146841CC00181A48 /* HB_Q1_Dad_Thumb_FPO.png */ = {isa = PBXFileReference; lastKnownFileType = image.png; name = HB_Q1_Dad_Thumb_FPO.png; path = HouseBand_FPO/HB_Q1_Dad_Thumb_FPO.png; sourceTree = SOURCE_ROOT; };
		774433B0146841CC00181A48 /* HB_Q1_Girl_FPO.png */ = {isa = PBXFileReference; lastKnownFileType = image.png; name = HB_Q1_Girl_FPO.png; path = HouseBand_FPO/HB_Q1_Girl_FPO.png; sourceTree = SOURCE_ROOT; };
		774433B1146841CC00181A48 /* HB_Q1_Girl_Thumb_FPO.png */ = {isa = PBXFileReference; lastKnownFileType = image.png; name = HB_Q1_Girl_Thumb_FPO.png; path = HouseBand_FPO/HB_Q1_Girl_Thumb_FPO.png; sourceTree = SOURCE_ROOT; };
		774433B2146841CC00181A48 /* HB_Q1_Mom_FPO.png */ = {isa = PBXFileReference; lastKnownFileType = image.png; name = HB_Q1_Mom_FPO.png; path = HouseBand_FPO/HB_Q1_Mom_FPO.png; sourceTree = SOURCE_ROOT; };
		774433B3146841CC00181A48 /* HB_Q1_Mom_Thumb_FPO.png */ = {isa = PBXFileReference; lastKnownFileType = image.png; name = HB_Q1_Mom_Thumb_FPO.png; path = HouseBand_FPO/HB_Q1_Mom_Thumb_FPO.png; sourceTree = SOURCE_ROOT; };
		774433B4146841CC00181A48 /* HB_Q2_Dishwasher_FPO.png */ = {isa = PBXFileReference; lastKnownFileType = image.png; name = HB_Q2_Dishwasher_FPO.png; path = HouseBand_FPO/HB_Q2_Dishwasher_FPO.png; sourceTree = SOURCE_ROOT; };
		774433B5146841CC00181A48 /* HB_Q2_Dishwasher_Thumb_FPO.png */ = {isa = PBXFileReference; lastKnownFileType = image.png; name = HB_Q2_Dishwasher_Thumb_FPO.png; path = HouseBand_FPO/HB_Q2_Dishwasher_Thumb_FPO.png; sourceTree = SOURCE_ROOT; };
		774433B6146841CC00181A48 /* HB_Q2_Dryer_FPO.png */ = {isa = PBXFileReference; lastKnownFileType = image.png; name = HB_Q2_Dryer_FPO.png; path = HouseBand_FPO/HB_Q2_Dryer_FPO.png; sourceTree = SOURCE_ROOT; };
		774433B7146841CC00181A48 /* HB_Q2_Dryer_Thumb_FPO.png */ = {isa = PBXFileReference; lastKnownFileType = image.png; name = HB_Q2_Dryer_Thumb_FPO.png; path = HouseBand_FPO/HB_Q2_Dryer_Thumb_FPO.png; sourceTree = SOURCE_ROOT; };
		774433B8146841CC00181A48 /* HB_Q2_Vaccum_FPO.png */ = {isa = PBXFileReference; lastKnownFileType = image.png; name = HB_Q2_Vaccum_FPO.png; path = HouseBand_FPO/HB_Q2_Vaccum_FPO.png; sourceTree = SOURCE_ROOT; };
		774433B9146841CC00181A48 /* HB_Q2_Vaccum_Thumb_FPO.png */ = {isa = PBXFileReference; lastKnownFileType = image.png; name = HB_Q2_Vaccum_Thumb_FPO.png; path = HouseBand_FPO/HB_Q2_Vaccum_Thumb_FPO.png; sourceTree = SOURCE_ROOT; };
		774433BA146841CC00181A48 /* HB_Q2_Washer_FPO.png */ = {isa = PBXFileReference; lastKnownFileType = image.png; name = HB_Q2_Washer_FPO.png; path = HouseBand_FPO/HB_Q2_Washer_FPO.png; sourceTree = SOURCE_ROOT; };
		774433BB146841CC00181A48 /* HB_Q2_Washer_Thumb_FPO.png */ = {isa = PBXFileReference; lastKnownFileType = image.png; name = HB_Q2_Washer_Thumb_FPO.png; path = HouseBand_FPO/HB_Q2_Washer_Thumb_FPO.png; sourceTree = SOURCE_ROOT; };
		774433BC146841CC00181A48 /* HB_Q3_Computer_FPO.png */ = {isa = PBXFileReference; lastKnownFileType = image.png; name = HB_Q3_Computer_FPO.png; path = HouseBand_FPO/HB_Q3_Computer_FPO.png; sourceTree = SOURCE_ROOT; };
		774433BD146841CC00181A48 /* HB_Q3_Computer_Thumb_FPO.png */ = {isa = PBXFileReference; lastKnownFileType = image.png; name = HB_Q3_Computer_Thumb_FPO.png; path = HouseBand_FPO/HB_Q3_Computer_Thumb_FPO.png; sourceTree = SOURCE_ROOT; };
		774433BE146841CC00181A48 /* HB_Q3_Kettle_FPO.png */ = {isa = PBXFileReference; lastKnownFileType = image.png; name = HB_Q3_Kettle_FPO.png; path = HouseBand_FPO/HB_Q3_Kettle_FPO.png; sourceTree = SOURCE_ROOT; };
		774433BF146841CC00181A48 /* HB_Q3_Kettle_Thumb_FPO.png */ = {isa = PBXFileReference; lastKnownFileType = image.png; name = HB_Q3_Kettle_Thumb_FPO.png; path = HouseBand_FPO/HB_Q3_Kettle_Thumb_FPO.png; sourceTree = SOURCE_ROOT; };
		774433C0146841CC00181A48 /* HB_Q3_Toaster_FPO.png */ = {isa = PBXFileReference; lastKnownFileType = image.png; name = HB_Q3_Toaster_FPO.png; path = HouseBand_FPO/HB_Q3_Toaster_FPO.png; sourceTree = SOURCE_ROOT; };
		774433C1146841CC00181A48 /* HB_Q3_Toaster_Thumb_FPO.png */ = {isa = PBXFileReference; lastKnownFileType = image.png; name = HB_Q3_Toaster_Thumb_FPO.png; path = HouseBand_FPO/HB_Q3_Toaster_Thumb_FPO.png; sourceTree = SOURCE_ROOT; };
		774433C2146841CC00181A48 /* HB_Q3_TV_FPO.png */ = {isa = PBXFileReference; lastKnownFileType = image.png; name = HB_Q3_TV_FPO.png; path = HouseBand_FPO/HB_Q3_TV_FPO.png; sourceTree = SOURCE_ROOT; };
		774433C3146841CC00181A48 /* HB_Q3_TV_Thumb_FPO.png */ = {isa = PBXFileReference; lastKnownFileType = image.png; name = HB_Q3_TV_Thumb_FPO.png; path = HouseBand_FPO/HB_Q3_TV_Thumb_FPO.png; sourceTree = SOURCE_ROOT; };
		774433C4146841CC00181A48 /* HB_Q4_BlowDryer_FPO.png */ = {isa = PBXFileReference; lastKnownFileType = image.png; name = HB_Q4_BlowDryer_FPO.png; path = HouseBand_FPO/HB_Q4_BlowDryer_FPO.png; sourceTree = SOURCE_ROOT; };
		774433C5146841CC00181A48 /* HB_Q4_BlowDryer_Thumb_FPO.png */ = {isa = PBXFileReference; lastKnownFileType = image.png; name = HB_Q4_BlowDryer_Thumb_FPO.png; path = HouseBand_FPO/HB_Q4_BlowDryer_Thumb_FPO.png; sourceTree = SOURCE_ROOT; };
		774433C6146841CC00181A48 /* HB_Q4_Iron_FPO.png */ = {isa = PBXFileReference; lastKnownFileType = image.png; name = HB_Q4_Iron_FPO.png; path = HouseBand_FPO/HB_Q4_Iron_FPO.png; sourceTree = SOURCE_ROOT; };
		774433C7146841CC00181A48 /* HB_Q4_Iron_Thumb_FPO.png */ = {isa = PBXFileReference; lastKnownFileType = image.png; name = HB_Q4_Iron_Thumb_FPO.png; path = HouseBand_FPO/HB_Q4_Iron_Thumb_FPO.png; sourceTree = SOURCE_ROOT; };
		774433C8146841CC00181A48 /* HB_Q4_Ketchup_FPO.png */ = {isa = PBXFileReference; lastKnownFileType = image.png; name = HB_Q4_Ketchup_FPO.png; path = HouseBand_FPO/HB_Q4_Ketchup_FPO.png; sourceTree = SOURCE_ROOT; };
		774433C9146841CC00181A48 /* HB_Q4_Ketchup_Thumb_FPO.png */ = {isa = PBXFileReference; lastKnownFileType = image.png; name = HB_Q4_Ketchup_Thumb_FPO.png; path = HouseBand_FPO/HB_Q4_Ketchup_Thumb_FPO.png; sourceTree = SOURCE_ROOT; };
		774433CA146841CC00181A48 /* HB_Q4_SodaCan_FPO.png */ = {isa = PBXFileReference; lastKnownFileType = image.png; name = HB_Q4_SodaCan_FPO.png; path = HouseBand_FPO/HB_Q4_SodaCan_FPO.png; sourceTree = SOURCE_ROOT; };
		774433CB146841CC00181A48 /* HB_Q4_SodaCan_Thumb_FPO.png */ = {isa = PBXFileReference; lastKnownFileType = image.png; name = HB_Q4_SodaCan_Thumb_FPO.png; path = HouseBand_FPO/HB_Q4_SodaCan_Thumb_FPO.png; sourceTree = SOURCE_ROOT; };
		774433CC146841CC00181A48 /* HB_Q5_Fridge_FPO.png */ = {isa = PBXFileReference; lastKnownFileType = image.png; name = HB_Q5_Fridge_FPO.png; path = HouseBand_FPO/HB_Q5_Fridge_FPO.png; sourceTree = SOURCE_ROOT; };
		774433CD146841CC00181A48 /* HB_Q5_Fridge_Thumb_FPO.png */ = {isa = PBXFileReference; lastKnownFileType = image.png; name = HB_Q5_Fridge_Thumb_FPO.png; path = HouseBand_FPO/HB_Q5_Fridge_Thumb_FPO.png; sourceTree = SOURCE_ROOT; };
		774433CE146841CC00181A48 /* HB_Q5_Garbage_FPO.png */ = {isa = PBXFileReference; lastKnownFileType = image.png; name = HB_Q5_Garbage_FPO.png; path = HouseBand_FPO/HB_Q5_Garbage_FPO.png; sourceTree = SOURCE_ROOT; };
		774433CF146841CC00181A48 /* HB_Q5_Garbage_Thumb_FPO.png */ = {isa = PBXFileReference; lastKnownFileType = image.png; name = HB_Q5_Garbage_Thumb_FPO.png; path = HouseBand_FPO/HB_Q5_Garbage_Thumb_FPO.png; sourceTree = SOURCE_ROOT; };
		774433D0146841CC00181A48 /* HB_Q5_Oven_FPO.png */ = {isa = PBXFileReference; lastKnownFileType = image.png; name = HB_Q5_Oven_FPO.png; path = HouseBand_FPO/HB_Q5_Oven_FPO.png; sourceTree = SOURCE_ROOT; };
		774433D1146841CC00181A48 /* HB_Q5_Oven_Thumb_FPO.png */ = {isa = PBXFileReference; lastKnownFileType = image.png; name = HB_Q5_Oven_Thumb_FPO.png; path = HouseBand_FPO/HB_Q5_Oven_Thumb_FPO.png; sourceTree = SOURCE_ROOT; };
		774433D2146841CC00181A48 /* HB_Q5_Toilet_FPO.png */ = {isa = PBXFileReference; lastKnownFileType = image.png; name = HB_Q5_Toilet_FPO.png; path = HouseBand_FPO/HB_Q5_Toilet_FPO.png; sourceTree = SOURCE_ROOT; };
		774433D3146841CC00181A48 /* HB_Q5_Toilet_Thumb_FPO.png */ = {isa = PBXFileReference; lastKnownFileType = image.png; name = HB_Q5_Toilet_Thumb_FPO.png; path = HouseBand_FPO/HB_Q5_Toilet_Thumb_FPO.png; sourceTree = SOURCE_ROOT; };
		77647F5E146461D00081D1DD /* bass1.wav */ = {isa = PBXFileReference; lastKnownFileType = audio.wav; name = bass1.wav; path = assets/tracks/bass1.wav; sourceTree = "<group>"; };
		77647F5F146461D00081D1DD /* bass2.wav */ = {isa = PBXFileReference; lastKnownFileType = audio.wav; name = bass2.wav; path = assets/tracks/bass2.wav; sourceTree = "<group>"; };
		77647F60146461D00081D1DD /* bass3.wav */ = {isa = PBXFileReference; lastKnownFileType = audio.wav; name = bass3.wav; path = assets/tracks/bass3.wav; sourceTree = "<group>"; };
		77647F61146461D00081D1DD /* drums1.wav */ = {isa = PBXFileReference; lastKnownFileType = audio.wav; name = drums1.wav; path = assets/tracks/drums1.wav; sourceTree = "<group>"; };
		77647F62146461D00081D1DD /* drums2.wav */ = {isa = PBXFileReference; lastKnownFileType = audio.wav; name = drums2.wav; path = assets/tracks/drums2.wav; sourceTree = "<group>"; };
		77647F63146461D00081D1DD /* drums3.wav */ = {isa = PBXFileReference; lastKnownFileType = audio.wav; name = drums3.wav; path = assets/tracks/drums3.wav; sourceTree = "<group>"; };
		77647F64146461D00081D1DD /* perc1.wav */ = {isa = PBXFileReference; lastKnownFileType = audio.wav; name = perc1.wav; path = assets/tracks/perc1.wav; sourceTree = "<group>"; };
		77647F65146461D00081D1DD /* perc2.wav */ = {isa = PBXFileReference; lastKnownFileType = audio.wav; name = perc2.wav; path = assets/tracks/perc2.wav; sourceTree = "<group>"; };
		77647F66146461D00081D1DD /* perc3.wav */ = {isa = PBXFileReference; lastKnownFileType = audio.wav; name = perc3.wav; path = assets/tracks/perc3.wav; sourceTree = "<group>"; };
		77647F67146461D00081D1DD /* synth1.wav */ = {isa = PBXFileReference; lastKnownFileType = audio.wav; name = synth1.wav; path = assets/tracks/synth1.wav; sourceTree = "<group>"; };
		77647F68146461D00081D1DD /* synth2.wav */ = {isa = PBXFileReference; lastKnownFileType = audio.wav; name = synth2.wav; path = assets/tracks/synth2.wav; sourceTree = "<group>"; };
		77647F69146461D00081D1DD /* synth3.wav */ = {isa = PBXFileReference; lastKnownFileType = audio.wav; name = synth3.wav; path = assets/tracks/synth3.wav; sourceTree = "<group>"; };
		77A8FFDB14689FB4008481B3 /* HB_Background_FPO.jpg */ = {isa = PBXFileReference; lastKnownFileType = image.jpeg; name = HB_Background_FPO.jpg; path = HouseBand_FPO/HB_Background_FPO.jpg; sourceTree = SOURCE_ROOT; };
		77A8FFDD1469C343008481B3 /* vocals1.wav */ = {isa = PBXFileReference; lastKnownFileType = audio.wav; name = vocals1.wav; path = assets/tracks/vocals1.wav; sourceTree = "<group>"; };
		77A8FFDE1469C343008481B3 /* vocals2.wav */ = {isa = PBXFileReference; lastKnownFileType = audio.wav; name = vocals2.wav; path = assets/tracks/vocals2.wav; sourceTree = "<group>"; };
		77A8FFDF1469C343008481B3 /* vocals3.wav */ = {isa = PBXFileReference; lastKnownFileType = audio.wav; name = vocals3.wav; path = assets/tracks/vocals3.wav; sourceTree = "<group>"; };
/* End PBXFileReference section */

/* Begin PBXFrameworksBuildPhase section */
		19C678CD143A0D7100092485 /* Frameworks */ = {
			isa = PBXFrameworksBuildPhase;
			buildActionMask = 2147483647;
			files = (
				19C6792B143A209700092485 /* QuartzCore.framework in Frameworks */,
				19C67927143A170E00092485 /* AudioToolbox.framework in Frameworks */,
				19C67925143A170700092485 /* AVFoundation.framework in Frameworks */,
				19C678D5143A0D7100092485 /* UIKit.framework in Frameworks */,
				19C678D7143A0D7100092485 /* Foundation.framework in Frameworks */,
				19C678D9143A0D7100092485 /* CoreGraphics.framework in Frameworks */,
			);
			runOnlyForDeploymentPostprocessing = 0;
		};
		19C678F0143A0D7100092485 /* Frameworks */ = {
			isa = PBXFrameworksBuildPhase;
			buildActionMask = 2147483647;
			files = (
				19C678F5143A0D7100092485 /* UIKit.framework in Frameworks */,
				19C678F6143A0D7100092485 /* Foundation.framework in Frameworks */,
				19C678F7143A0D7100092485 /* CoreGraphics.framework in Frameworks */,
			);
			runOnlyForDeploymentPostprocessing = 0;
		};
/* End PBXFrameworksBuildPhase section */

/* Begin PBXGroup section */
		190DFAA9143CA01400012AB5 /* TRACKS */ = {
			isa = PBXGroup;
			children = (
				77647F5E146461D00081D1DD /* bass1.wav */,
				77647F5F146461D00081D1DD /* bass2.wav */,
				77647F60146461D00081D1DD /* bass3.wav */,
				77647F61146461D00081D1DD /* drums1.wav */,
				77647F62146461D00081D1DD /* drums2.wav */,
				77647F63146461D00081D1DD /* drums3.wav */,
				77647F64146461D00081D1DD /* perc1.wav */,
				77647F65146461D00081D1DD /* perc2.wav */,
				77647F66146461D00081D1DD /* perc3.wav */,
				77647F67146461D00081D1DD /* synth1.wav */,
				77647F68146461D00081D1DD /* synth2.wav */,
				77647F69146461D00081D1DD /* synth3.wav */,
				77A8FFDD1469C343008481B3 /* vocals1.wav */,
				77A8FFDE1469C343008481B3 /* vocals2.wav */,
				77A8FFDF1469C343008481B3 /* vocals3.wav */,
			);
			name = TRACKS;
			sourceTree = "<group>";
		};
		19C678C5143A0D7100092485 = {
			isa = PBXGroup;
			children = (
				19C678DA143A0D7100092485 /* HouseBand_dev */,
				19C678FA143A0D7100092485 /* HouseBand_devTests */,
				19C678D3143A0D7100092485 /* Frameworks */,
				19C678D1143A0D7100092485 /* Products */,
			);
			sourceTree = "<group>";
		};
		19C678D1143A0D7100092485 /* Products */ = {
			isa = PBXGroup;
			children = (
				19C678D0143A0D7100092485 /* HouseBand_dev.app */,
				19C678F4143A0D7100092485 /* HouseBand_devTests.octest */,
			);
			name = Products;
			sourceTree = "<group>";
		};
		19C678D3143A0D7100092485 /* Frameworks */ = {
			isa = PBXGroup;
			children = (
				19C6792A143A209700092485 /* QuartzCore.framework */,
				19C67926143A170E00092485 /* AudioToolbox.framework */,
				19C67924143A170700092485 /* AVFoundation.framework */,
				19C678D4143A0D7100092485 /* UIKit.framework */,
				19C678D6143A0D7100092485 /* Foundation.framework */,
				19C678D8143A0D7100092485 /* CoreGraphics.framework */,
			);
			name = Frameworks;
			sourceTree = "<group>";
		};
		19C678DA143A0D7100092485 /* HouseBand_dev */ = {
			isa = PBXGroup;
			children = (
				7723538F14684FA4006B4ADA /* StructureAssets */,
				774433AB1468418300181A48 /* CharacterAssets */,
				190DFAA9143CA01400012AB5 /* TRACKS */,
				19C678E3143A0D7100092485 /* HouseBand_devAppDelegate.h */,
				19C678E4143A0D7100092485 /* HouseBand_devAppDelegate.m */,
				19C678E6143A0D7100092485 /* MainWindow.xib */,
				19C678E9143A0D7100092485 /* HouseBand_devViewController.h */,
				19C678EA143A0D7100092485 /* HouseBand_devViewController.m */,
				774433A51468307E00181A48 /* HouseCharacter.h */,
				774433A61468307E00181A48 /* HouseCharacter.m */,
				774433A71468307E00181A48 /* HouseCharacter.xib */,
				19C67930143A31C400092485 /* HouseBandTrack.h */,
				19C67931143A31C400092485 /* HouseBandTrack.m */,
				19C678EC143A0D7100092485 /* HouseBand_devViewController.xib */,
				19C678DB143A0D7100092485 /* Supporting Files */,
			);
			path = HouseBand_dev;
			sourceTree = "<group>";
		};
		19C678DB143A0D7100092485 /* Supporting Files */ = {
			isa = PBXGroup;
			children = (
				19C678DC143A0D7100092485 /* HouseBand_dev-Info.plist */,
				19C678DD143A0D7100092485 /* InfoPlist.strings */,
				19C678E0143A0D7100092485 /* HouseBand_dev-Prefix.pch */,
				19C678E1143A0D7100092485 /* main.m */,
			);
			name = "Supporting Files";
			sourceTree = "<group>";
		};
		19C678FA143A0D7100092485 /* HouseBand_devTests */ = {
			isa = PBXGroup;
			children = (
				19C67901143A0D7100092485 /* HouseBand_devTests.h */,
				19C67903143A0D7100092485 /* HouseBand_devTests.m */,
				19C678FB143A0D7100092485 /* Supporting Files */,
			);
			path = HouseBand_devTests;
			sourceTree = "<group>";
		};
		19C678FB143A0D7100092485 /* Supporting Files */ = {
			isa = PBXGroup;
			children = (
				19C678FC143A0D7100092485 /* HouseBand_devTests-Info.plist */,
				19C678FD143A0D7100092485 /* InfoPlist.strings */,
				19C67900143A0D7100092485 /* HouseBand_devTests-Prefix.pch */,
			);
			name = "Supporting Files";
			sourceTree = "<group>";
		};
		7723538F14684FA4006B4ADA /* StructureAssets */ = {
			isa = PBXGroup;
			children = (
				77A8FFDB14689FB4008481B3 /* HB_Background_FPO.jpg */,
				7723539114684FC5006B4ADA /* HB_Menu_Line_FPO.png */,
			);
			name = StructureAssets;
			sourceTree = "<group>";
		};
		774433AB1468418300181A48 /* CharacterAssets */ = {
			isa = PBXGroup;
			children = (
				774433AC146841CC00181A48 /* HB_Q1_Boy_FPO.png */,
				774433AD146841CC00181A48 /* HB_Q1_Boy_Thumb_FPO.png */,
				774433AE146841CC00181A48 /* HB_Q1_Dad_FPO.png */,
				774433AF146841CC00181A48 /* HB_Q1_Dad_Thumb_FPO.png */,
				774433B0146841CC00181A48 /* HB_Q1_Girl_FPO.png */,
				774433B1146841CC00181A48 /* HB_Q1_Girl_Thumb_FPO.png */,
				774433B2146841CC00181A48 /* HB_Q1_Mom_FPO.png */,
				774433B3146841CC00181A48 /* HB_Q1_Mom_Thumb_FPO.png */,
				774433B4146841CC00181A48 /* HB_Q2_Dishwasher_FPO.png */,
				774433B5146841CC00181A48 /* HB_Q2_Dishwasher_Thumb_FPO.png */,
				774433B6146841CC00181A48 /* HB_Q2_Dryer_FPO.png */,
				774433B7146841CC00181A48 /* HB_Q2_Dryer_Thumb_FPO.png */,
				774433B8146841CC00181A48 /* HB_Q2_Vaccum_FPO.png */,
				774433B9146841CC00181A48 /* HB_Q2_Vaccum_Thumb_FPO.png */,
				774433BA146841CC00181A48 /* HB_Q2_Washer_FPO.png */,
				774433BB146841CC00181A48 /* HB_Q2_Washer_Thumb_FPO.png */,
				774433BC146841CC00181A48 /* HB_Q3_Computer_FPO.png */,
				774433BD146841CC00181A48 /* HB_Q3_Computer_Thumb_FPO.png */,
				774433BE146841CC00181A48 /* HB_Q3_Kettle_FPO.png */,
				774433BF146841CC00181A48 /* HB_Q3_Kettle_Thumb_FPO.png */,
				774433C0146841CC00181A48 /* HB_Q3_Toaster_FPO.png */,
				774433C1146841CC00181A48 /* HB_Q3_Toaster_Thumb_FPO.png */,
				774433C2146841CC00181A48 /* HB_Q3_TV_FPO.png */,
				774433C3146841CC00181A48 /* HB_Q3_TV_Thumb_FPO.png */,
				774433C4146841CC00181A48 /* HB_Q4_BlowDryer_FPO.png */,
				774433C5146841CC00181A48 /* HB_Q4_BlowDryer_Thumb_FPO.png */,
				774433C6146841CC00181A48 /* HB_Q4_Iron_FPO.png */,
				774433C7146841CC00181A48 /* HB_Q4_Iron_Thumb_FPO.png */,
				774433C8146841CC00181A48 /* HB_Q4_Ketchup_FPO.png */,
				774433C9146841CC00181A48 /* HB_Q4_Ketchup_Thumb_FPO.png */,
				774433CA146841CC00181A48 /* HB_Q4_SodaCan_FPO.png */,
				774433CB146841CC00181A48 /* HB_Q4_SodaCan_Thumb_FPO.png */,
				774433CC146841CC00181A48 /* HB_Q5_Fridge_FPO.png */,
				774433CD146841CC00181A48 /* HB_Q5_Fridge_Thumb_FPO.png */,
				774433CE146841CC00181A48 /* HB_Q5_Garbage_FPO.png */,
				774433CF146841CC00181A48 /* HB_Q5_Garbage_Thumb_FPO.png */,
				774433D0146841CC00181A48 /* HB_Q5_Oven_FPO.png */,
				774433D1146841CC00181A48 /* HB_Q5_Oven_Thumb_FPO.png */,
				774433D2146841CC00181A48 /* HB_Q5_Toilet_FPO.png */,
				774433D3146841CC00181A48 /* HB_Q5_Toilet_Thumb_FPO.png */,
			);
			name = CharacterAssets;
			sourceTree = "<group>";
		};
/* End PBXGroup section */

/* Begin PBXNativeTarget section */
		19C678CF143A0D7100092485 /* HouseBand_dev */ = {
			isa = PBXNativeTarget;
			buildConfigurationList = 19C67907143A0D7100092485 /* Build configuration list for PBXNativeTarget "HouseBand_dev" */;
			buildPhases = (
				19C678CC143A0D7100092485 /* Sources */,
				19C678CD143A0D7100092485 /* Frameworks */,
				19C678CE143A0D7100092485 /* Resources */,
			);
			buildRules = (
			);
			dependencies = (
			);
			name = HouseBand_dev;
			productName = HouseBand_dev;
			productReference = 19C678D0143A0D7100092485 /* HouseBand_dev.app */;
			productType = "com.apple.product-type.application";
		};
		19C678F3143A0D7100092485 /* HouseBand_devTests */ = {
			isa = PBXNativeTarget;
			buildConfigurationList = 19C6790A143A0D7100092485 /* Build configuration list for PBXNativeTarget "HouseBand_devTests" */;
			buildPhases = (
				19C678EF143A0D7100092485 /* Sources */,
				19C678F0143A0D7100092485 /* Frameworks */,
				19C678F1143A0D7100092485 /* Resources */,
				19C678F2143A0D7100092485 /* ShellScript */,
			);
			buildRules = (
			);
			dependencies = (
				19C678F9143A0D7100092485 /* PBXTargetDependency */,
			);
			name = HouseBand_devTests;
			productName = HouseBand_devTests;
			productReference = 19C678F4143A0D7100092485 /* HouseBand_devTests.octest */;
			productType = "com.apple.product-type.bundle";
		};
/* End PBXNativeTarget section */

/* Begin PBXProject section */
		19C678C7143A0D7100092485 /* Project object */ = {
			isa = PBXProject;
			attributes = {
				ORGANIZATIONNAME = "MI Artbox, Incorporated";
			};
			buildConfigurationList = 19C678CA143A0D7100092485 /* Build configuration list for PBXProject "HouseBand_dev" */;
			compatibilityVersion = "Xcode 3.2";
			developmentRegion = English;
			hasScannedForEncodings = 0;
			knownRegions = (
				en,
			);
			mainGroup = 19C678C5143A0D7100092485;
			productRefGroup = 19C678D1143A0D7100092485 /* Products */;
			projectDirPath = "";
			projectRoot = "";
			targets = (
				19C678CF143A0D7100092485 /* HouseBand_dev */,
				19C678F3143A0D7100092485 /* HouseBand_devTests */,
			);
		};
/* End PBXProject section */

/* Begin PBXResourcesBuildPhase section */
		19C678CE143A0D7100092485 /* Resources */ = {
			isa = PBXResourcesBuildPhase;
			buildActionMask = 2147483647;
			files = (
				19C678DF143A0D7100092485 /* InfoPlist.strings in Resources */,
				19C678E8143A0D7100092485 /* MainWindow.xib in Resources */,
				19C678EE143A0D7100092485 /* HouseBand_devViewController.xib in Resources */,
				77647F6A146461D00081D1DD /* bass1.wav in Resources */,
				77647F6B146461D00081D1DD /* bass2.wav in Resources */,
				77647F6C146461D00081D1DD /* bass3.wav in Resources */,
				77647F6D146461D00081D1DD /* drums1.wav in Resources */,
				77647F6E146461D00081D1DD /* drums2.wav in Resources */,
				77647F6F146461D00081D1DD /* drums3.wav in Resources */,
				77647F70146461D00081D1DD /* perc1.wav in Resources */,
				77647F71146461D00081D1DD /* perc2.wav in Resources */,
				77647F72146461D00081D1DD /* perc3.wav in Resources */,
				77647F73146461D00081D1DD /* synth1.wav in Resources */,
				77647F74146461D00081D1DD /* synth2.wav in Resources */,
				77647F75146461D00081D1DD /* synth3.wav in Resources */,
				774433A91468307E00181A48 /* HouseCharacter.xib in Resources */,
				774433D4146841CC00181A48 /* HB_Q1_Boy_FPO.png in Resources */,
				774433D5146841CC00181A48 /* HB_Q1_Boy_Thumb_FPO.png in Resources */,
				774433D6146841CC00181A48 /* HB_Q1_Dad_FPO.png in Resources */,
				774433D7146841CC00181A48 /* HB_Q1_Dad_Thumb_FPO.png in Resources */,
				774433D8146841CC00181A48 /* HB_Q1_Girl_FPO.png in Resources */,
				774433D9146841CC00181A48 /* HB_Q1_Girl_Thumb_FPO.png in Resources */,
				774433DA146841CC00181A48 /* HB_Q1_Mom_FPO.png in Resources */,
				774433DB146841CC00181A48 /* HB_Q1_Mom_Thumb_FPO.png in Resources */,
				774433DC146841CC00181A48 /* HB_Q2_Dishwasher_FPO.png in Resources */,
				774433DD146841CC00181A48 /* HB_Q2_Dishwasher_Thumb_FPO.png in Resources */,
				774433DE146841CC00181A48 /* HB_Q2_Dryer_FPO.png in Resources */,
				774433DF146841CC00181A48 /* HB_Q2_Dryer_Thumb_FPO.png in Resources */,
				774433E0146841CC00181A48 /* HB_Q2_Vaccum_FPO.png in Resources */,
				774433E1146841CC00181A48 /* HB_Q2_Vaccum_Thumb_FPO.png in Resources */,
				774433E2146841CC00181A48 /* HB_Q2_Washer_FPO.png in Resources */,
				774433E3146841CC00181A48 /* HB_Q2_Washer_Thumb_FPO.png in Resources */,
				774433E4146841CC00181A48 /* HB_Q3_Computer_FPO.png in Resources */,
				774433E5146841CC00181A48 /* HB_Q3_Computer_Thumb_FPO.png in Resources */,
				774433E6146841CC00181A48 /* HB_Q3_Kettle_FPO.png in Resources */,
				774433E7146841CC00181A48 /* HB_Q3_Kettle_Thumb_FPO.png in Resources */,
				774433E8146841CC00181A48 /* HB_Q3_Toaster_FPO.png in Resources */,
				774433E9146841CC00181A48 /* HB_Q3_Toaster_Thumb_FPO.png in Resources */,
				774433EA146841CC00181A48 /* HB_Q3_TV_FPO.png in Resources */,
				774433EB146841CC00181A48 /* HB_Q3_TV_Thumb_FPO.png in Resources */,
				774433EC146841CC00181A48 /* HB_Q4_BlowDryer_FPO.png in Resources */,
				774433ED146841CC00181A48 /* HB_Q4_BlowDryer_Thumb_FPO.png in Resources */,
				774433EE146841CC00181A48 /* HB_Q4_Iron_FPO.png in Resources */,
				774433EF146841CC00181A48 /* HB_Q4_Iron_Thumb_FPO.png in Resources */,
				774433F0146841CC00181A48 /* HB_Q4_Ketchup_FPO.png in Resources */,
				774433F1146841CC00181A48 /* HB_Q4_Ketchup_Thumb_FPO.png in Resources */,
				774433F2146841CC00181A48 /* HB_Q4_SodaCan_FPO.png in Resources */,
				774433F3146841CC00181A48 /* HB_Q4_SodaCan_Thumb_FPO.png in Resources */,
				774433F4146841CC00181A48 /* HB_Q5_Fridge_FPO.png in Resources */,
				774433F5146841CC00181A48 /* HB_Q5_Fridge_Thumb_FPO.png in Resources */,
				774433F6146841CC00181A48 /* HB_Q5_Garbage_FPO.png in Resources */,
				774433F7146841CC00181A48 /* HB_Q5_Garbage_Thumb_FPO.png in Resources */,
				774433F8146841CC00181A48 /* HB_Q5_Oven_FPO.png in Resources */,
				774433F9146841CC00181A48 /* HB_Q5_Oven_Thumb_FPO.png in Resources */,
				774433FA146841CC00181A48 /* HB_Q5_Toilet_FPO.png in Resources */,
				774433FB146841CC00181A48 /* HB_Q5_Toilet_Thumb_FPO.png in Resources */,
				7723539214684FC5006B4ADA /* HB_Menu_Line_FPO.png in Resources */,
				77A8FFDC14689FB4008481B3 /* HB_Background_FPO.jpg in Resources */,
				77A8FFE01469C343008481B3 /* vocals1.wav in Resources */,
				77A8FFE11469C343008481B3 /* vocals2.wav in Resources */,
				77A8FFE21469C343008481B3 /* vocals3.wav in Resources */,
			);
			runOnlyForDeploymentPostprocessing = 0;
		};
		19C678F1143A0D7100092485 /* Resources */ = {
			isa = PBXResourcesBuildPhase;
			buildActionMask = 2147483647;
			files = (
				19C678FF143A0D7100092485 /* InfoPlist.strings in Resources */,
				19C67902143A0D7100092485 /* HouseBand_devTests.h in Resources */,
			);
			runOnlyForDeploymentPostprocessing = 0;
		};
/* End PBXResourcesBuildPhase section */

/* Begin PBXShellScriptBuildPhase section */
		19C678F2143A0D7100092485 /* ShellScript */ = {
			isa = PBXShellScriptBuildPhase;
			buildActionMask = 2147483647;
			files = (
			);
			inputPaths = (
			);
			outputPaths = (
			);
			runOnlyForDeploymentPostprocessing = 0;
			shellPath = /bin/sh;
			shellScript = "# Run the unit tests in this test bundle.\n\"${SYSTEM_DEVELOPER_DIR}/Tools/RunUnitTests\"\n";
		};
/* End PBXShellScriptBuildPhase section */

/* Begin PBXSourcesBuildPhase section */
		19C678CC143A0D7100092485 /* Sources */ = {
			isa = PBXSourcesBuildPhase;
			buildActionMask = 2147483647;
			files = (
				19C678E2143A0D7100092485 /* main.m in Sources */,
				19C678E5143A0D7100092485 /* HouseBand_devAppDelegate.m in Sources */,
				19C678EB143A0D7100092485 /* HouseBand_devViewController.m in Sources */,
				19C67932143A31C400092485 /* HouseBandTrack.m in Sources */,
				774433A81468307E00181A48 /* HouseCharacter.m in Sources */,
			);
			runOnlyForDeploymentPostprocessing = 0;
		};
		19C678EF143A0D7100092485 /* Sources */ = {
			isa = PBXSourcesBuildPhase;
			buildActionMask = 2147483647;
			files = (
				19C67904143A0D7100092485 /* HouseBand_devTests.m in Sources */,
			);
			runOnlyForDeploymentPostprocessing = 0;
		};
/* End PBXSourcesBuildPhase section */

/* Begin PBXTargetDependency section */
		19C678F9143A0D7100092485 /* PBXTargetDependency */ = {
			isa = PBXTargetDependency;
			target = 19C678CF143A0D7100092485 /* HouseBand_dev */;
			targetProxy = 19C678F8143A0D7100092485 /* PBXContainerItemProxy */;
		};
/* End PBXTargetDependency section */

/* Begin PBXVariantGroup section */
		19C678DD143A0D7100092485 /* InfoPlist.strings */ = {
			isa = PBXVariantGroup;
			children = (
				19C678DE143A0D7100092485 /* en */,
			);
			name = InfoPlist.strings;
			sourceTree = "<group>";
		};
		19C678E6143A0D7100092485 /* MainWindow.xib */ = {
			isa = PBXVariantGroup;
			children = (
				19C678E7143A0D7100092485 /* en */,
			);
			name = MainWindow.xib;
			sourceTree = "<group>";
		};
		19C678EC143A0D7100092485 /* HouseBand_devViewController.xib */ = {
			isa = PBXVariantGroup;
			children = (
				19C678ED143A0D7100092485 /* en */,
			);
			name = HouseBand_devViewController.xib;
			sourceTree = "<group>";
		};
		19C678FD143A0D7100092485 /* InfoPlist.strings */ = {
			isa = PBXVariantGroup;
			children = (
				19C678FE143A0D7100092485 /* en */,
			);
			name = InfoPlist.strings;
			sourceTree = "<group>";
		};
/* End PBXVariantGroup section */

/* Begin XCBuildConfiguration section */
		19C67905143A0D7100092485 /* Debug */ = {
			isa = XCBuildConfiguration;
			buildSettings = {
				ARCHS = "$(ARCHS_UNIVERSAL_IPHONE_OS)";
				"CODE_SIGN_IDENTITY[sdk=iphoneos*]" = "iPhone Developer";
				GCC_C_LANGUAGE_STANDARD = gnu99;
				GCC_OPTIMIZATION_LEVEL = 0;
				GCC_PREPROCESSOR_DEFINITIONS = DEBUG;
				GCC_SYMBOLS_PRIVATE_EXTERN = NO;
				GCC_VERSION = com.apple.compilers.llvmgcc42;
				GCC_WARN_ABOUT_RETURN_TYPE = YES;
				GCC_WARN_UNUSED_VARIABLE = YES;
				IPHONEOS_DEPLOYMENT_TARGET = 4.1;
				SDKROOT = iphoneos;
				TARGETED_DEVICE_FAMILY = 2;
			};
			name = Debug;
		};
		19C67906143A0D7100092485 /* Release */ = {
			isa = XCBuildConfiguration;
			buildSettings = {
				ARCHS = "$(ARCHS_UNIVERSAL_IPHONE_OS)";
				"CODE_SIGN_IDENTITY[sdk=iphoneos*]" = "iPhone Developer";
				GCC_C_LANGUAGE_STANDARD = gnu99;
				GCC_VERSION = com.apple.compilers.llvmgcc42;
				GCC_WARN_ABOUT_RETURN_TYPE = YES;
				GCC_WARN_UNUSED_VARIABLE = YES;
				IPHONEOS_DEPLOYMENT_TARGET = 4.1;
				OTHER_CFLAGS = "-DNS_BLOCK_ASSERTIONS=1";
				SDKROOT = iphoneos;
				TARGETED_DEVICE_FAMILY = 2;
			};
			name = Release;
		};
		19C67908143A0D7100092485 /* Debug */ = {
			isa = XCBuildConfiguration;
			buildSettings = {
				ALWAYS_SEARCH_USER_PATHS = NO;
				COPY_PHASE_STRIP = NO;
				FRAMEWORK_SEARCH_PATHS = (
					"$(inherited)",
					"\"$(SRCROOT)\"",
				);
				GCC_DYNAMIC_NO_PIC = NO;
				GCC_PRECOMPILE_PREFIX_HEADER = YES;
				GCC_PREFIX_HEADER = "HouseBand_dev/HouseBand_dev-Prefix.pch";
				INFOPLIST_FILE = "HouseBand_dev/HouseBand_dev-Info.plist";
				PRODUCT_NAME = "$(TARGET_NAME)";
				WRAPPER_EXTENSION = app;
			};
			name = Debug;
		};
		19C67909143A0D7100092485 /* Release */ = {
			isa = XCBuildConfiguration;
			buildSettings = {
				ALWAYS_SEARCH_USER_PATHS = NO;
				COPY_PHASE_STRIP = YES;
				FRAMEWORK_SEARCH_PATHS = (
					"$(inherited)",
					"\"$(SRCROOT)\"",
				);
				GCC_PRECOMPILE_PREFIX_HEADER = YES;
				GCC_PREFIX_HEADER = "HouseBand_dev/HouseBand_dev-Prefix.pch";
				INFOPLIST_FILE = "HouseBand_dev/HouseBand_dev-Info.plist";
				PRODUCT_NAME = "$(TARGET_NAME)";
				VALIDATE_PRODUCT = YES;
				WRAPPER_EXTENSION = app;
			};
			name = Release;
		};
		19C6790B143A0D7100092485 /* Debug */ = {
			isa = XCBuildConfiguration;
			buildSettings = {
				ALWAYS_SEARCH_USER_PATHS = NO;
				ARCHS = "$(ARCHS_STANDARD_32_BIT)";
				BUNDLE_LOADER = "$(BUILT_PRODUCTS_DIR)/HouseBand_dev.app/HouseBand_dev";
				FRAMEWORK_SEARCH_PATHS = (
					"$(SDKROOT)/Developer/Library/Frameworks",
					"$(DEVELOPER_LIBRARY_DIR)/Frameworks",
				);
				GCC_PRECOMPILE_PREFIX_HEADER = YES;
				GCC_PREFIX_HEADER = "HouseBand_devTests/HouseBand_devTests-Prefix.pch";
				INFOPLIST_FILE = "HouseBand_devTests/HouseBand_devTests-Info.plist";
				OTHER_LDFLAGS = (
					"-framework",
					SenTestingKit,
				);
				PRODUCT_NAME = "$(TARGET_NAME)";
				TEST_HOST = "$(BUNDLE_LOADER)";
				WRAPPER_EXTENSION = octest;
			};
			name = Debug;
		};
		19C6790C143A0D7100092485 /* Release */ = {
			isa = XCBuildConfiguration;
			buildSettings = {
				ALWAYS_SEARCH_USER_PATHS = NO;
				ARCHS = "$(ARCHS_STANDARD_32_BIT)";
				BUNDLE_LOADER = "$(BUILT_PRODUCTS_DIR)/HouseBand_dev.app/HouseBand_dev";
				FRAMEWORK_SEARCH_PATHS = (
					"$(SDKROOT)/Developer/Library/Frameworks",
					"$(DEVELOPER_LIBRARY_DIR)/Frameworks",
				);
				GCC_PRECOMPILE_PREFIX_HEADER = YES;
				GCC_PREFIX_HEADER = "HouseBand_devTests/HouseBand_devTests-Prefix.pch";
				INFOPLIST_FILE = "HouseBand_devTests/HouseBand_devTests-Info.plist";
				OTHER_LDFLAGS = (
					"-framework",
					SenTestingKit,
				);
				PRODUCT_NAME = "$(TARGET_NAME)";
				TEST_HOST = "$(BUNDLE_LOADER)";
				WRAPPER_EXTENSION = octest;
			};
			name = Release;
		};
/* End XCBuildConfiguration section */

/* Begin XCConfigurationList section */
		19C678CA143A0D7100092485 /* Build configuration list for PBXProject "HouseBand_dev" */ = {
			isa = XCConfigurationList;
			buildConfigurations = (
				19C67905143A0D7100092485 /* Debug */,
				19C67906143A0D7100092485 /* Release */,
			);
			defaultConfigurationIsVisible = 0;
			defaultConfigurationName = Release;
		};
		19C67907143A0D7100092485 /* Build configuration list for PBXNativeTarget "HouseBand_dev" */ = {
			isa = XCConfigurationList;
			buildConfigurations = (
				19C67908143A0D7100092485 /* Debug */,
				19C67909143A0D7100092485 /* Release */,
			);
			defaultConfigurationIsVisible = 0;
			defaultConfigurationName = Release;
		};
		19C6790A143A0D7100092485 /* Build configuration list for PBXNativeTarget "HouseBand_devTests" */ = {
			isa = XCConfigurationList;
			buildConfigurations = (
				19C6790B143A0D7100092485 /* Debug */,
				19C6790C143A0D7100092485 /* Release */,
			);
			defaultConfigurationIsVisible = 0;
			defaultConfigurationName = Release;
		};
/* End XCConfigurationList section */
	};
	rootObject = 19C678C7143A0D7100092485 /* Project object */;
}
